
Microsoft Visual Studio Solution File, Format Version 12.00
# Visual Studio 2013
VisualStudioVersion = 12.0.21005.1
MinimumVisualStudioVersion = 10.0.40219.1
Project("{FAE04EC0-301F-11D3-BF4B-00C04F79EFBC}") = "BASOR.Web", "BASOR.Web\BASOR.Web.csproj", "{A547996A-1A02-4469-A99A-1C41069CFAD4}"
EndProject
Project("{FAE04EC0-301F-11D3-BF4B-00C04F79EFBC}") = "Web", "Web\Web.csproj", "{2A242550-EA78-4687-A428-F042B814A1E9}"
EndProject
Global
	GlobalSection(SolutionConfigurationPlatforms) = preSolution
		Debug|Any CPU = Debug|Any CPU
		Release|Any CPU = Release|Any CPU
	EndGlobalSection
	GlobalSection(ProjectConfigurationPlatforms) = postSolution
		{A547996A-1A02-4469-A99A-1C41069CFAD4}.Debug|Any CPU.ActiveCfg = Debug|Any CPU
		{A547996A-1A02-4469-A99A-1C41069CFAD4}.Debug|Any CPU.Build.0 = Debug|Any CPU
		{A547996A-1A02-4469-A99A-1C41069CFAD4}.Release|Any CPU.ActiveCfg = Release|Any CPU
		{A547996A-1A02-4469-A99A-1C41069CFAD4}.Release|Any CPU.Build.0 = Release|Any CPU
		{2A242550-EA78-4687-A428-F042B814A1E9}.Debug|Any CPU.ActiveCfg = Debug|Any CPU
		{2A242550-EA78-4687-A428-F042B814A1E9}.Debug|Any CPU.Build.0 = Debug|Any CPU
		{2A242550-EA78-4687-A428-F042B814A1E9}.Release|Any CPU.ActiveCfg = Release|Any CPU
		{2A242550-EA78-4687-A428-F042B814A1E9}.Release|Any CPU.Build.0 = Release|Any CPU
	EndGlobalSection
	GlobalSection(SolutionProperties) = preSolution
		HideSolutionNode = FALSE
	EndGlobalSection
EndGlobal
